
Microsoft Visual Studio Solution File, Format Version 12.00
# Visual Studio Version 16
VisualStudioVersion = 25.0.1706.7
MinimumVisualStudioVersion = 10.0.40219.1
Project("{FAE04EC0-301F-11D3-BF4B-00C04F79EFBC}") = "Talent", "Talent.csproj", "{21A78EA6-C132-4B72-A501-B0E9DA667AED}"
EndProject
Global
	GlobalSection(SolutionConfigurationPlatforms) = preSolution
		Debug|Any CPU = Debug|Any CPU
		Release|Any CPU = Release|Any CPU
	EndGlobalSection
	GlobalSection(ProjectConfigurationPlatforms) = postSolution
		{21A78EA6-C132-4B72-A501-B0E9DA667AED}.Debug|Any CPU.ActiveCfg = Debug|Any CPU
		{21A78EA6-C132-4B72-A501-B0E9DA667AED}.Debug|Any CPU.Build.0 = Debug|Any CPU
		{21A78EA6-C132-4B72-A501-B0E9DA667AED}.Release|Any CPU.ActiveCfg = Release|Any CPU
		{21A78EA6-C132-4B72-A501-B0E9DA667AED}.Release|Any CPU.Build.0 = Release|Any CPU
	EndGlobalSection
	GlobalSection(SolutionProperties) = preSolution
		HideSolutionNode = FALSE
	EndGlobalSection
	GlobalSection(ExtensibilityGlobals) = postSolution
		SolutionGuid = {003364C9-BBBC-4A8E-8E8D-B1D0B182E072}
	EndGlobalSection
EndGlobal
